
Microsoft Visual Studio Solution File, Format Version 12.00
# Visual Studio Version 17
VisualStudioVersion = 17.6.33723.286
MinimumVisualStudioVersion = 10.0.40219.1
Project("{888888A0-9F3D-457C-B088-3A5042F75D52}") = "4.1", "4.1.pyproj", "{18C0B8E0-6C2E-4171-957F-1DE3D09F7888}"
EndProject
Global
	GlobalSection(SolutionConfigurationPlatforms) = preSolution
		Debug|Any CPU = Debug|Any CPU
		Release|Any CPU = Release|Any CPU
	EndGlobalSection
	GlobalSection(ProjectConfigurationPlatforms) = postSolution
		{18C0B8E0-6C2E-4171-957F-1DE3D09F7888}.Debug|Any CPU.ActiveCfg = Debug|Any CPU
		{18C0B8E0-6C2E-4171-957F-1DE3D09F7888}.Release|Any CPU.ActiveCfg = Release|Any CPU
	EndGlobalSection
	GlobalSection(SolutionProperties) = preSolution
		HideSolutionNode = FALSE
	EndGlobalSection
	GlobalSection(ExtensibilityGlobals) = postSolution
		SolutionGuid = {14EC1EFB-F161-4E31-A969-CBE31719375E}
	EndGlobalSection
EndGlobal
